{
  "name": "p--3",
  "lockfileVersion": 3,
  "requires": true,
  "packages": {
    "": {
      "dependencies": {
        "@openrouter/sdk": "^0.13.39"
      }
    },
    "node_modules/@openrouter/sdk": {
      "version": "0.13.39",
      "resolved": "https://registry.npmjs.org/@openrouter/sdk/-/sdk-0.13.39.tgz",
      "integrity": "sha512-oNPm4qlr0Q512FWIkbj+8wkA0tvEJ/XglAJ6jrxrbjNI+e7UGyYVMnJnmiUR74Hwfg5lNuVe+LwYIaL9QIUd/g==",
      "hasInstallScript": true,
      "license": "Apache-2.0",
      "dependencies": {
        "zod": "^3.25.0 || ^4.0.0"
      }
    },
    "node_modules/zod": {
      "version": "4.4.3",
      "resolved": "https://registry.npmjs.org/zod/-/zod-4.4.3.tgz",
      "integrity": "sha512-ytENFjIJFl2UwYglde2jchW2Hwm4GJFLDiSXWdTrJQBIN9Fcyp7n4DhxJEiWNAJMV1/BqWfW/kkg71UDcHJyTQ==",
      "license": "MIT",
      "funding": {
        "url": "https://github.com/sponsors/colinhacks"
      }
    }
  }
}
